
Microsoft Visual Studio Solution File, Format Version 12.00
# Visual Studio 15
VisualStudioVersion = 15.0.28307.271
MinimumVisualStudioVersion = 10.0.40219.1
Project("{FAE04EC0-301F-11D3-BF4B-00C04F79EFBC}") = "CarsService_API", "CarsService_API\CarsService_API.csproj", "{9E45D678-2FC3-42FE-B777-60C4DADFA4B9}"
EndProject
Global
	GlobalSection(SolutionConfigurationPlatforms) = preSolution
		Debug|Any CPU = Debug|Any CPU
		Release|Any CPU = Release|Any CPU
	EndGlobalSection
	GlobalSection(ProjectConfigurationPlatforms) = postSolution
		{9E45D678-2FC3-42FE-B777-60C4DADFA4B9}.Debug|Any CPU.ActiveCfg = Debug|Any CPU
		{9E45D678-2FC3-42FE-B777-60C4DADFA4B9}.Debug|Any CPU.Build.0 = Debug|Any CPU
		{9E45D678-2FC3-42FE-B777-60C4DADFA4B9}.Release|Any CPU.ActiveCfg = Release|Any CPU
		{9E45D678-2FC3-42FE-B777-60C4DADFA4B9}.Release|Any CPU.Build.0 = Release|Any CPU
	EndGlobalSection
	GlobalSection(SolutionProperties) = preSolution
		HideSolutionNode = FALSE
	EndGlobalSection
	GlobalSection(ExtensibilityGlobals) = postSolution
		SolutionGuid = {E723B4A4-5E96-4F57-B3DB-408A06412B5E}
	EndGlobalSection
EndGlobal
